
Microsoft Visual Studio Solution File, Format Version 12.00
# Visual Studio Version 16
VisualStudioVersion = 16.0.29613.14
MinimumVisualStudioVersion = 10.0.40219.1
Project("{FAE04EC0-301F-11D3-BF4B-00C04F79EFBC}") = "Citta_T1", "Citta_T1\Citta_T1.csproj", "{6FE47E67-232B-4A47-B905-8385DEAF2A95}"
EndProject
Project("{FAE04EC0-301F-11D3-BF4B-00C04F79EFBC}") = "HZH_Controls", "HZH_Controls\HZH_Controls\HZH_Controls.csproj", "{AF32E163-C577-4CBC-A072-0DC1CE0E1DA3}"
EndProject
Project("{FAE04EC0-301F-11D3-BF4B-00C04F79EFBC}") = "UserControlDLL", "UserControlDLL\UserControlDLL.csproj", "{FAC026D0-0C0F-4415-BABA-9713EC1337CB}"
EndProject
Project("{54435603-DBB4-11D2-8724-00A0C9A8B90C}") = "IAO解决方案平台", "IAO解决方案平台\IAO解决方案平台.vdproj", "{21F4F815-6F9A-422B-80B5-AACFE0F4AF2B}"
EndProject
Global
	GlobalSection(SolutionConfigurationPlatforms) = preSolution
		Debug|Any CPU = Debug|Any CPU
		Release|Any CPU = Release|Any CPU
	EndGlobalSection
	GlobalSection(ProjectConfigurationPlatforms) = postSolution
		{6FE47E67-232B-4A47-B905-8385DEAF2A95}.Debug|Any CPU.ActiveCfg = Debug|Any CPU
		{6FE47E67-232B-4A47-B905-8385DEAF2A95}.Debug|Any CPU.Build.0 = Debug|Any CPU
		{6FE47E67-232B-4A47-B905-8385DEAF2A95}.Release|Any CPU.ActiveCfg = Release|Any CPU
		{6FE47E67-232B-4A47-B905-8385DEAF2A95}.Release|Any CPU.Build.0 = Release|Any CPU
		{AF32E163-C577-4CBC-A072-0DC1CE0E1DA3}.Debug|Any CPU.ActiveCfg = Debug|Any CPU
		{AF32E163-C577-4CBC-A072-0DC1CE0E1DA3}.Debug|Any CPU.Build.0 = Debug|Any CPU
		{AF32E163-C577-4CBC-A072-0DC1CE0E1DA3}.Release|Any CPU.ActiveCfg = Release|Any CPU
		{AF32E163-C577-4CBC-A072-0DC1CE0E1DA3}.Release|Any CPU.Build.0 = Release|Any CPU
		{FAC026D0-0C0F-4415-BABA-9713EC1337CB}.Debug|Any CPU.ActiveCfg = Debug|Any CPU
		{FAC026D0-0C0F-4415-BABA-9713EC1337CB}.Debug|Any CPU.Build.0 = Debug|Any CPU
		{FAC026D0-0C0F-4415-BABA-9713EC1337CB}.Release|Any CPU.ActiveCfg = Release|Any CPU
		{FAC026D0-0C0F-4415-BABA-9713EC1337CB}.Release|Any CPU.Build.0 = Release|Any CPU
		{21F4F815-6F9A-422B-80B5-AACFE0F4AF2B}.Debug|Any CPU.ActiveCfg = Debug
		{21F4F815-6F9A-422B-80B5-AACFE0F4AF2B}.Release|Any CPU.ActiveCfg = Release
	EndGlobalSection
	GlobalSection(SolutionProperties) = preSolution
		HideSolutionNode = FALSE
	EndGlobalSection
	GlobalSection(ExtensibilityGlobals) = postSolution
		SolutionGuid = {009696A9-FA4B-463E-AF26-413B108EFC6A}
	EndGlobalSection
EndGlobal
