
Microsoft Visual Studio Solution File, Format Version 12.00
# Visual Studio Version 16
VisualStudioVersion = 16.0.30002.166
MinimumVisualStudioVersion = 10.0.40219.1
Project("{FAE04EC0-301F-11D3-BF4B-00C04F79EFBC}") = "C2", "Citta_T1\C2.csproj", "{6FE47E67-232B-4A47-B905-8385DEAF2A95}"
EndProject
Project("{FAE04EC0-301F-11D3-BF4B-00C04F79EFBC}") = "UserInstallSet", "UserInstallSet\UserInstallSet.csproj", "{8587D0E2-E1F2-442D-B729-897391FB2881}"
EndProject
Project("{54435603-DBB4-11D2-8724-00A0C9A8B90C}") = "IAO解决方案", "IAO解决方案\IAO解决方案.vdproj", "{4694BAFB-F7DC-41F9-9C25-2291EC76D1FB}"
EndProject
Project("{FAE04EC0-301F-11D3-BF4B-00C04F79EFBC}") = "C2自动化测试样例", "C2自动化测试样例\C2自动化测试样例.csproj", "{DAC1F3E3-691C-4B51-817A-C8D31818F080}"
EndProject
Project("{FAE04EC0-301F-11D3-BF4B-00C04F79EFBC}") = "C2UnitTests", "C2Tests\C2UnitTests.csproj", "{0711F393-AA2F-47A9-93DF-8B10EF068596}"
EndProject
Project("{2150E333-8FDC-42A3-9474-1A3956D46DE8}") = "C2Plugins", "C2Plugins", "{347ABCF9-220C-4D65-9170-5689273E2F50}"
	ProjectSection(SolutionItems) = preProject
		C2Plugins\插件发布说明文档.txt = C2Plugins\插件发布说明文档.txt
	EndProjectSection
EndProject
Project("{FAE04EC0-301F-11D3-BF4B-00C04F79EFBC}") = "RookieKnowledgePlugin", "C2Plugins\RookieKnowledgePlugin\RookieKnowledgePlugin.csproj", "{FABFB497-81E5-42DC-82DF-B30D71E030D0}"
EndProject
Project("{FAE04EC0-301F-11D3-BF4B-00C04F79EFBC}") = "Game2048Plugin", "C2Plugins\Game2048Plugin\Game2048Plugin.csproj", "{020BE791-6CC1-408B-AE2E-EF87ACD14D86}"
EndProject
Project("{FAE04EC0-301F-11D3-BF4B-00C04F79EFBC}") = "QQSpiderPlugin", "C2Plugins\QQSpiderPlugin\QQSpiderPlugin.csproj", "{389687F6-5DCC-4198-8110-C1D42B23465E}"
EndProject
Project("{FAE04EC0-301F-11D3-BF4B-00C04F79EFBC}") = "MD5Plugin", "C2Plugins\MD5Plugin\MD5Plugin.csproj", "{9F165641-517E-47A2-A3E1-4CD783A8C6FD}"
EndProject
Project("{FAE04EC0-301F-11D3-BF4B-00C04F79EFBC}") = "C2Shell", "C2Shell\C2Shell.csproj", "{9DDF1CFD-71B8-4420-970C-A052A15C9C0D}"
EndProject
Project("{FAE04EC0-301F-11D3-BF4B-00C04F79EFBC}") = "FullTextAssistantPlugin", "C2Plugins\FullTextGrammarAssistant\FullTextAssistantPlugin.csproj", "{6AD16B55-CB18-4073-AB6B-D054B8CA1F14}"
EndProject
Global
	GlobalSection(SolutionConfigurationPlatforms) = preSolution
		Debug|Any CPU = Debug|Any CPU
		Release|Any CPU = Release|Any CPU
		开发调试|Any CPU = 开发调试|Any CPU
	EndGlobalSection
	GlobalSection(ProjectConfigurationPlatforms) = postSolution
		{6FE47E67-232B-4A47-B905-8385DEAF2A95}.Debug|Any CPU.ActiveCfg = Debug|Any CPU
		{6FE47E67-232B-4A47-B905-8385DEAF2A95}.Debug|Any CPU.Build.0 = Debug|Any CPU
		{6FE47E67-232B-4A47-B905-8385DEAF2A95}.Release|Any CPU.ActiveCfg = Release|Any CPU
		{6FE47E67-232B-4A47-B905-8385DEAF2A95}.Release|Any CPU.Build.0 = Release|Any CPU
		{6FE47E67-232B-4A47-B905-8385DEAF2A95}.开发调试|Any CPU.ActiveCfg = 开发调试|Any CPU
		{6FE47E67-232B-4A47-B905-8385DEAF2A95}.开发调试|Any CPU.Build.0 = 开发调试|Any CPU
		{8587D0E2-E1F2-442D-B729-897391FB2881}.Debug|Any CPU.ActiveCfg = Debug|Any CPU
		{8587D0E2-E1F2-442D-B729-897391FB2881}.Debug|Any CPU.Build.0 = Debug|Any CPU
		{8587D0E2-E1F2-442D-B729-897391FB2881}.Release|Any CPU.ActiveCfg = Release|Any CPU
		{8587D0E2-E1F2-442D-B729-897391FB2881}.Release|Any CPU.Build.0 = Release|Any CPU
		{8587D0E2-E1F2-442D-B729-897391FB2881}.开发调试|Any CPU.ActiveCfg = Release|Any CPU
		{8587D0E2-E1F2-442D-B729-897391FB2881}.开发调试|Any CPU.Build.0 = Release|Any CPU
		{4694BAFB-F7DC-41F9-9C25-2291EC76D1FB}.Debug|Any CPU.ActiveCfg = Debug
		{4694BAFB-F7DC-41F9-9C25-2291EC76D1FB}.Release|Any CPU.ActiveCfg = Release
		{4694BAFB-F7DC-41F9-9C25-2291EC76D1FB}.开发调试|Any CPU.ActiveCfg = Release
		{4694BAFB-F7DC-41F9-9C25-2291EC76D1FB}.开发调试|Any CPU.Build.0 = Release
		{DAC1F3E3-691C-4B51-817A-C8D31818F080}.Debug|Any CPU.ActiveCfg = Debug|Any CPU
		{DAC1F3E3-691C-4B51-817A-C8D31818F080}.Debug|Any CPU.Build.0 = Debug|Any CPU
		{DAC1F3E3-691C-4B51-817A-C8D31818F080}.Release|Any CPU.ActiveCfg = Release|Any CPU
		{DAC1F3E3-691C-4B51-817A-C8D31818F080}.Release|Any CPU.Build.0 = Release|Any CPU
		{DAC1F3E3-691C-4B51-817A-C8D31818F080}.开发调试|Any CPU.ActiveCfg = Release|Any CPU
		{DAC1F3E3-691C-4B51-817A-C8D31818F080}.开发调试|Any CPU.Build.0 = Release|Any CPU
		{0711F393-AA2F-47A9-93DF-8B10EF068596}.Debug|Any CPU.ActiveCfg = Debug|Any CPU
		{0711F393-AA2F-47A9-93DF-8B10EF068596}.Debug|Any CPU.Build.0 = Debug|Any CPU
		{0711F393-AA2F-47A9-93DF-8B10EF068596}.Release|Any CPU.ActiveCfg = Release|Any CPU
		{0711F393-AA2F-47A9-93DF-8B10EF068596}.Release|Any CPU.Build.0 = Release|Any CPU
		{0711F393-AA2F-47A9-93DF-8B10EF068596}.开发调试|Any CPU.ActiveCfg = Release|Any CPU
		{0711F393-AA2F-47A9-93DF-8B10EF068596}.开发调试|Any CPU.Build.0 = Release|Any CPU
		{FABFB497-81E5-42DC-82DF-B30D71E030D0}.Debug|Any CPU.ActiveCfg = Debug|Any CPU
		{FABFB497-81E5-42DC-82DF-B30D71E030D0}.Debug|Any CPU.Build.0 = Debug|Any CPU
		{FABFB497-81E5-42DC-82DF-B30D71E030D0}.Release|Any CPU.ActiveCfg = Release|Any CPU
		{FABFB497-81E5-42DC-82DF-B30D71E030D0}.Release|Any CPU.Build.0 = Release|Any CPU
		{FABFB497-81E5-42DC-82DF-B30D71E030D0}.开发调试|Any CPU.ActiveCfg = Release|Any CPU
		{FABFB497-81E5-42DC-82DF-B30D71E030D0}.开发调试|Any CPU.Build.0 = Release|Any CPU
		{020BE791-6CC1-408B-AE2E-EF87ACD14D86}.Debug|Any CPU.ActiveCfg = Debug|Any CPU
		{020BE791-6CC1-408B-AE2E-EF87ACD14D86}.Debug|Any CPU.Build.0 = Debug|Any CPU
		{020BE791-6CC1-408B-AE2E-EF87ACD14D86}.Release|Any CPU.ActiveCfg = Release|Any CPU
		{020BE791-6CC1-408B-AE2E-EF87ACD14D86}.Release|Any CPU.Build.0 = Release|Any CPU
		{020BE791-6CC1-408B-AE2E-EF87ACD14D86}.开发调试|Any CPU.ActiveCfg = Release|Any CPU
		{020BE791-6CC1-408B-AE2E-EF87ACD14D86}.开发调试|Any CPU.Build.0 = Release|Any CPU
		{389687F6-5DCC-4198-8110-C1D42B23465E}.Debug|Any CPU.ActiveCfg = Debug|Any CPU
		{389687F6-5DCC-4198-8110-C1D42B23465E}.Debug|Any CPU.Build.0 = Debug|Any CPU
		{389687F6-5DCC-4198-8110-C1D42B23465E}.Release|Any CPU.ActiveCfg = Release|Any CPU
		{389687F6-5DCC-4198-8110-C1D42B23465E}.Release|Any CPU.Build.0 = Release|Any CPU
		{389687F6-5DCC-4198-8110-C1D42B23465E}.开发调试|Any CPU.ActiveCfg = Release|Any CPU
		{389687F6-5DCC-4198-8110-C1D42B23465E}.开发调试|Any CPU.Build.0 = Release|Any CPU
		{9F165641-517E-47A2-A3E1-4CD783A8C6FD}.Debug|Any CPU.ActiveCfg = Debug|Any CPU
		{9F165641-517E-47A2-A3E1-4CD783A8C6FD}.Debug|Any CPU.Build.0 = Debug|Any CPU
		{9F165641-517E-47A2-A3E1-4CD783A8C6FD}.Release|Any CPU.ActiveCfg = Release|Any CPU
		{9F165641-517E-47A2-A3E1-4CD783A8C6FD}.Release|Any CPU.Build.0 = Release|Any CPU
		{9F165641-517E-47A2-A3E1-4CD783A8C6FD}.开发调试|Any CPU.ActiveCfg = Release|Any CPU
		{9F165641-517E-47A2-A3E1-4CD783A8C6FD}.开发调试|Any CPU.Build.0 = Release|Any CPU
		{9DDF1CFD-71B8-4420-970C-A052A15C9C0D}.Debug|Any CPU.ActiveCfg = Debug|Any CPU
		{9DDF1CFD-71B8-4420-970C-A052A15C9C0D}.Debug|Any CPU.Build.0 = Debug|Any CPU
		{9DDF1CFD-71B8-4420-970C-A052A15C9C0D}.Release|Any CPU.ActiveCfg = Release|Any CPU
		{9DDF1CFD-71B8-4420-970C-A052A15C9C0D}.Release|Any CPU.Build.0 = Release|Any CPU
		{9DDF1CFD-71B8-4420-970C-A052A15C9C0D}.开发调试|Any CPU.ActiveCfg = Release|Any CPU
		{9DDF1CFD-71B8-4420-970C-A052A15C9C0D}.开发调试|Any CPU.Build.0 = Release|Any CPU
		{6AD16B55-CB18-4073-AB6B-D054B8CA1F14}.Debug|Any CPU.ActiveCfg = Debug|Any CPU
		{6AD16B55-CB18-4073-AB6B-D054B8CA1F14}.Debug|Any CPU.Build.0 = Debug|Any CPU
		{6AD16B55-CB18-4073-AB6B-D054B8CA1F14}.Release|Any CPU.ActiveCfg = Release|Any CPU
		{6AD16B55-CB18-4073-AB6B-D054B8CA1F14}.Release|Any CPU.Build.0 = Release|Any CPU
		{6AD16B55-CB18-4073-AB6B-D054B8CA1F14}.开发调试|Any CPU.ActiveCfg = Release|Any CPU
		{6AD16B55-CB18-4073-AB6B-D054B8CA1F14}.开发调试|Any CPU.Build.0 = Release|Any CPU
	EndGlobalSection
	GlobalSection(SolutionProperties) = preSolution
		HideSolutionNode = FALSE
	EndGlobalSection
	GlobalSection(NestedProjects) = preSolution
		{FABFB497-81E5-42DC-82DF-B30D71E030D0} = {347ABCF9-220C-4D65-9170-5689273E2F50}
		{020BE791-6CC1-408B-AE2E-EF87ACD14D86} = {347ABCF9-220C-4D65-9170-5689273E2F50}
		{389687F6-5DCC-4198-8110-C1D42B23465E} = {347ABCF9-220C-4D65-9170-5689273E2F50}
		{9F165641-517E-47A2-A3E1-4CD783A8C6FD} = {347ABCF9-220C-4D65-9170-5689273E2F50}
		{6AD16B55-CB18-4073-AB6B-D054B8CA1F14} = {347ABCF9-220C-4D65-9170-5689273E2F50}
	EndGlobalSection
	GlobalSection(ExtensibilityGlobals) = postSolution
		SolutionGuid = {009696A9-FA4B-463E-AF26-413B108EFC6A}
	EndGlobalSection
EndGlobal
